# THIS IS AN AUTOGENERATED FILE. DO NOT EDIT THIS FILE DIRECTLY.
# yarn lockfile v1


kaleidoscopejs@1.0.17:
  version "1.0.17"
  resolved "https://registry.yarnpkg.com/kaleidoscopejs/-/kaleidoscopejs-1.0.17.tgz#37c30278ddb49877aaccfdca5d9a814bb12eca1e"
  integrity sha512-UFej86HKym0aNmh8b7cY+qw0HYzpWPxcXG27c+UeAng9gaEhO8P6qdDSYrvaoMFHdvn6TL2ZRaSs/AEhEurSGA==
  dependencies:
    threejs360 "1.0.3"

threejs360@1.0.3:
  version "1.0.3"
  resolved "https://registry.yarnpkg.com/threejs360/-/threejs360-1.0.3.tgz#b37915790498a7bef5d7baa482d437b950dcc24c"
  integrity sha1-s3kVeQSYp77117qkgtQ3uVDcwkw=
